
Microsoft Visual Studio Solution File, Format Version 12.00
# Visual Studio Version 16
VisualStudioVersion = 16.0.29418.71
MinimumVisualStudioVersion = 10.0.40219.1
Project("{FAE04EC0-301F-11D3-BF4B-00C04F79EFBC}") = "ConsoleApp4", "ConsoleApp4.csproj", "{A7879297-1711-4E87-A9A7-457C7B369FCA}"
EndProject
Global
	GlobalSection(SolutionConfigurationPlatforms) = preSolution
		Debug|Any CPU = Debug|Any CPU
		Release|Any CPU = Release|Any CPU
	EndGlobalSection
	GlobalSection(ProjectConfigurationPlatforms) = postSolution
		{A7879297-1711-4E87-A9A7-457C7B369FCA}.Debug|Any CPU.ActiveCfg = Debug|Any CPU
		{A7879297-1711-4E87-A9A7-457C7B369FCA}.Debug|Any CPU.Build.0 = Debug|Any CPU
		{A7879297-1711-4E87-A9A7-457C7B369FCA}.Release|Any CPU.ActiveCfg = Release|Any CPU
		{A7879297-1711-4E87-A9A7-457C7B369FCA}.Release|Any CPU.Build.0 = Release|Any CPU
	EndGlobalSection
	GlobalSection(SolutionProperties) = preSolution
		HideSolutionNode = FALSE
	EndGlobalSection
	GlobalSection(ExtensibilityGlobals) = postSolution
		SolutionGuid = {CE6578C6-12B0-44A4-AB03-0B6C9F362D67}
	EndGlobalSection
EndGlobal
